{
  "name": "@capytale/metaplayer-rpc-spec",
  "version": "1.0.0",
  "lockfileVersion": 3,
  "requires": true,
  "packages": {
    "": {
      "name": "@capytale/metaplayer-rpc-spec",
      "version": "1.0.0",
      "license": "ISC",
      "dependencies": {
        "@mixer/postmessage-rpc": "^1.1.4"
      }
    },
    "node_modules/@mixer/postmessage-rpc": {
      "version": "1.1.4",
      "resolved": "https://registry.npmjs.org/@mixer/postmessage-rpc/-/postmessage-rpc-1.1.4.tgz",
      "integrity": "sha512-Cb/3CukztYD/mXILTOjtlOsfKEeHNBJE5Cipn5i+IAVm2pvbI0LaVJ1TJZS67BOTcAlBcvTjhwAlzyrpQO0TeA==",
      "dependencies": {
        "eventemitter3": "^3.1.0"
      }
    },
    "node_modules/eventemitter3": {
      "version": "3.1.2",
      "resolved": "https://registry.npmjs.org/eventemitter3/-/eventemitter3-3.1.2.tgz",
      "integrity": "sha512-tvtQIeLVHjDkJYnzf2dgVMxfuSGJeM/7UCG17TT4EumTfNtF+0nebF/4zWOIkCreAbtNqhGEboB6BWrwqNaw4Q=="
    }
  }
}
